
Microsoft Visual Studio Solution File, Format Version 12.00
# Visual Studio 2012
Project("{FAE04EC0-301F-11D3-BF4B-00C04F79EFBC}") = "FruitStore", "FruitStore\FruitStore.csproj", "{4D8783CE-44C8-4570-A239-0356603A5343}"
EndProject
Project("{2150E333-8FDC-42A3-9474-1A3956D46DE8}") = "01-Web", "01-Web", "{1520DB1A-9340-46A1-9931-51E787C3D69C}"
EndProject
Project("{2150E333-8FDC-42A3-9474-1A3956D46DE8}") = "02-ServiceWCF", "02-ServiceWCF", "{FDB4CFA2-6921-4BD9-9056-6A104A380176}"
EndProject
Project("{2150E333-8FDC-42A3-9474-1A3956D46DE8}") = "03-Infraestructura", "03-Infraestructura", "{03F58EDC-DC51-4FEB-B103-E57D7DB1CE55}"
EndProject
Project("{2150E333-8FDC-42A3-9474-1A3956D46DE8}") = "04-Domain", "04-Domain", "{07B6BEE7-B1EA-4116-9225-377E9398D0A3}"
EndProject
Project("{FAE04EC0-301F-11D3-BF4B-00C04F79EFBC}") = "Domain", "Domain\Domain.csproj", "{F72761F5-7511-4912-8649-ED298A91B86D}"
EndProject
Project("{FAE04EC0-301F-11D3-BF4B-00C04F79EFBC}") = "Infraestructure", "Infraestructure\Infraestructure.csproj", "{D8CD9A47-0C58-4433-A63B-1863BFC1C90B}"
EndProject
Global
	GlobalSection(SolutionConfigurationPlatforms) = preSolution
		Debug|Any CPU = Debug|Any CPU
		Release|Any CPU = Release|Any CPU
	EndGlobalSection
	GlobalSection(ProjectConfigurationPlatforms) = postSolution
		{4D8783CE-44C8-4570-A239-0356603A5343}.Debug|Any CPU.ActiveCfg = Debug|Any CPU
		{4D8783CE-44C8-4570-A239-0356603A5343}.Debug|Any CPU.Build.0 = Debug|Any CPU
		{4D8783CE-44C8-4570-A239-0356603A5343}.Release|Any CPU.ActiveCfg = Release|Any CPU
		{4D8783CE-44C8-4570-A239-0356603A5343}.Release|Any CPU.Build.0 = Release|Any CPU
		{F72761F5-7511-4912-8649-ED298A91B86D}.Debug|Any CPU.ActiveCfg = Debug|Any CPU
		{F72761F5-7511-4912-8649-ED298A91B86D}.Debug|Any CPU.Build.0 = Debug|Any CPU
		{F72761F5-7511-4912-8649-ED298A91B86D}.Release|Any CPU.ActiveCfg = Release|Any CPU
		{F72761F5-7511-4912-8649-ED298A91B86D}.Release|Any CPU.Build.0 = Release|Any CPU
		{D8CD9A47-0C58-4433-A63B-1863BFC1C90B}.Debug|Any CPU.ActiveCfg = Debug|Any CPU
		{D8CD9A47-0C58-4433-A63B-1863BFC1C90B}.Debug|Any CPU.Build.0 = Debug|Any CPU
		{D8CD9A47-0C58-4433-A63B-1863BFC1C90B}.Release|Any CPU.ActiveCfg = Release|Any CPU
		{D8CD9A47-0C58-4433-A63B-1863BFC1C90B}.Release|Any CPU.Build.0 = Release|Any CPU
	EndGlobalSection
	GlobalSection(SolutionProperties) = preSolution
		HideSolutionNode = FALSE
	EndGlobalSection
	GlobalSection(NestedProjects) = preSolution
		{4D8783CE-44C8-4570-A239-0356603A5343} = {1520DB1A-9340-46A1-9931-51E787C3D69C}
		{D8CD9A47-0C58-4433-A63B-1863BFC1C90B} = {03F58EDC-DC51-4FEB-B103-E57D7DB1CE55}
		{F72761F5-7511-4912-8649-ED298A91B86D} = {07B6BEE7-B1EA-4116-9225-377E9398D0A3}
	EndGlobalSection
EndGlobal
